// !$*UTF8*$!
{
	archiveVersion = 1;
	classes = {
	};
	objectVersion = 50;
	objects = {

/* Begin PBXBuildFile section */
		67D2D9D821F551C200D61DA6 /* SpacerView.swift in Sources */ = {isa = PBXBuildFile; fileRef = 67D2D9D621F551C200D61DA6 /* SpacerView.swift */; };
		67D2D9D921F551C200D61DA6 /* CustomMenuHeaderView.swift in Sources */ = {isa = PBXBuildFile; fileRef = 67D2D9D721F551C200D61DA6 /* CustomMenuHeaderView.swift */; };
		67D2D9EA21F557C000D61DA6 /* WorkoutController.swift in Sources */ = {isa = PBXBuildFile; fileRef = 67D2D9DD21F557C000D61DA6 /* WorkoutController.swift */; };
		67D2D9EB21F557C000D61DA6 /* Video.swift in Sources */ = {isa = PBXBuildFile; fileRef = 67D2D9DF21F557C000D61DA6 /* Video.swift */; };
		67D2D9EC21F557C000D61DA6 /* MenuBar.swift in Sources */ = {isa = PBXBuildFile; fileRef = 67D2D9E121F557C000D61DA6 /* MenuBar.swift */; };
		67D2D9ED21F557C000D61DA6 /* WarmupCell.swift in Sources */ = {isa = PBXBuildFile; fileRef = 67D2D9E221F557C000D61DA6 /* WarmupCell.swift */; };
		67D2D9EE21F557C000D61DA6 /* StrengthCell.swift in Sources */ = {isa = PBXBuildFile; fileRef = 67D2D9E321F557C000D61DA6 /* StrengthCell.swift */; };
		67D2D9EF21F557C000D61DA6 /* VideoLauncher.swift in Sources */ = {isa = PBXBuildFile; fileRef = 67D2D9E421F557C000D61DA6 /* VideoLauncher.swift */; };
		67D2D9F021F557C000D61DA6 /* BaseCell.swift in Sources */ = {isa = PBXBuildFile; fileRef = 67D2D9E521F557C000D61DA6 /* BaseCell.swift */; };
		67D2D9F121F557C000D61DA6 /* MenuCell.swift in Sources */ = {isa = PBXBuildFile; fileRef = 67D2D9E621F557C000D61DA6 /* MenuCell.swift */; };
		67D2D9F221F557C000D61DA6 /* PostCell.swift in Sources */ = {isa = PBXBuildFile; fileRef = 67D2D9E721F557C000D61DA6 /* PostCell.swift */; };
		67D2D9F321F557C000D61DA6 /* CardioCell.swift in Sources */ = {isa = PBXBuildFile; fileRef = 67D2D9E821F557C000D61DA6 /* CardioCell.swift */; };
		67D2D9F421F557C000D61DA6 /* ExerciseCell.swift in Sources */ = {isa = PBXBuildFile; fileRef = 67D2D9E921F557C000D61DA6 /* ExerciseCell.swift */; };
		67D2D9F621F55B3D00D61DA6 /* NavButtonForViewController.swift in Sources */ = {isa = PBXBuildFile; fileRef = 67D2D9F521F55B3D00D61DA6 /* NavButtonForViewController.swift */; };
		67D2DA2021F6B20900D61DA6 /* LoginController.swift in Sources */ = {isa = PBXBuildFile; fileRef = 67D2DA1F21F6B20900D61DA6 /* LoginController.swift */; };
		67F96AF121F3BA50000E48ED /* AppDelegate.swift in Sources */ = {isa = PBXBuildFile; fileRef = 67F96AF021F3BA50000E48ED /* AppDelegate.swift */; };
		67F96AF321F3BA50000E48ED /* HomeController.swift in Sources */ = {isa = PBXBuildFile; fileRef = 67F96AF221F3BA50000E48ED /* HomeController.swift */; };
		67F96AF621F3BA50000E48ED /* Main.storyboard in Resources */ = {isa = PBXBuildFile; fileRef = 67F96AF421F3BA50000E48ED /* Main.storyboard */; };
		67F96AF821F3BA52000E48ED /* Assets.xcassets in Resources */ = {isa = PBXBuildFile; fileRef = 67F96AF721F3BA52000E48ED /* Assets.xcassets */; };
		67F96AFB21F3BA52000E48ED /* LaunchScreen.storyboard in Resources */ = {isa = PBXBuildFile; fileRef = 67F96AF921F3BA52000E48ED /* LaunchScreen.storyboard */; };
		67F96B0421F3D5A0000E48ED /* MenuController.swift in Sources */ = {isa = PBXBuildFile; fileRef = 67F96B0321F3D5A0000E48ED /* MenuController.swift */; };
		67F96B0721F3EFE1000E48ED /* BaseSlidingController.swift in Sources */ = {isa = PBXBuildFile; fileRef = 67F96B0621F3EFE1000E48ED /* BaseSlidingController.swift */; };
		67F96B0E21F41549000E48ED /* ProfileImageView.swift in Sources */ = {isa = PBXBuildFile; fileRef = 67F96B0D21F41549000E48ED /* ProfileImageView.swift */; };
		67F96B1021F4273C000E48ED /* MenuItemCell.swift in Sources */ = {isa = PBXBuildFile; fileRef = 67F96B0F21F4273C000E48ED /* MenuItemCell.swift */; };
		67F96B1821F4BE53000E48ED /* CalendarController.swift in Sources */ = {isa = PBXBuildFile; fileRef = 67F96B1721F4BE53000E48ED /* CalendarController.swift */; };
		67F96B1A21F4BE6F000E48ED /* SettingController.swift in Sources */ = {isa = PBXBuildFile; fileRef = 67F96B1921F4BE6F000E48ED /* SettingController.swift */; };
		67F96B1C21F4BE82000E48ED /* HelpController.swift in Sources */ = {isa = PBXBuildFile; fileRef = 67F96B1B21F4BE81000E48ED /* HelpController.swift */; };
		67F96B1E21F54252000E48ED /* Extensions+UIView.swift in Sources */ = {isa = PBXBuildFile; fileRef = 67F96B1D21F54252000E48ED /* Extensions+UIView.swift */; };
/* End PBXBuildFile section */

/* Begin PBXFileReference section */
		67D2D9D621F551C200D61DA6 /* SpacerView.swift */ = {isa = PBXFileReference; fileEncoding = 4; lastKnownFileType = sourcecode.swift; path = SpacerView.swift; sourceTree = "<group>"; };
		67D2D9D721F551C200D61DA6 /* CustomMenuHeaderView.swift */ = {isa = PBXFileReference; fileEncoding = 4; lastKnownFileType = sourcecode.swift; path = CustomMenuHeaderView.swift; sourceTree = "<group>"; };
		67D2D9DD21F557C000D61DA6 /* WorkoutController.swift */ = {isa = PBXFileReference; fileEncoding = 4; lastKnownFileType = sourcecode.swift; path = WorkoutController.swift; sourceTree = "<group>"; };
		67D2D9DF21F557C000D61DA6 /* Video.swift */ = {isa = PBXFileReference; fileEncoding = 4; lastKnownFileType = sourcecode.swift; path = Video.swift; sourceTree = "<group>"; };
		67D2D9E121F557C000D61DA6 /* MenuBar.swift */ = {isa = PBXFileReference; fileEncoding = 4; lastKnownFileType = sourcecode.swift; path = MenuBar.swift; sourceTree = "<group>"; };
		67D2D9E221F557C000D61DA6 /* WarmupCell.swift */ = {isa = PBXFileReference; fileEncoding = 4; lastKnownFileType = sourcecode.swift; path = WarmupCell.swift; sourceTree = "<group>"; };
		67D2D9E321F557C000D61DA6 /* StrengthCell.swift */ = {isa = PBXFileReference; fileEncoding = 4; lastKnownFileType = sourcecode.swift; path = StrengthCell.swift; sourceTree = "<group>"; };
		67D2D9E421F557C000D61DA6 /* VideoLauncher.swift */ = {isa = PBXFileReference; fileEncoding = 4; lastKnownFileType = sourcecode.swift; path = VideoLauncher.swift; sourceTree = "<group>"; };
		67D2D9E521F557C000D61DA6 /* BaseCell.swift */ = {isa = PBXFileReference; fileEncoding = 4; lastKnownFileType = sourcecode.swift; path = BaseCell.swift; sourceTree = "<group>"; };
		67D2D9E621F557C000D61DA6 /* MenuCell.swift */ = {isa = PBXFileReference; fileEncoding = 4; lastKnownFileType = sourcecode.swift; path = MenuCell.swift; sourceTree = "<group>"; };
		67D2D9E721F557C000D61DA6 /* PostCell.swift */ = {isa = PBXFileReference; fileEncoding = 4; lastKnownFileType = sourcecode.swift; path = PostCell.swift; sourceTree = "<group>"; };
		67D2D9E821F557C000D61DA6 /* CardioCell.swift */ = {isa = PBXFileReference; fileEncoding = 4; lastKnownFileType = sourcecode.swift; path = CardioCell.swift; sourceTree = "<group>"; };
		67D2D9E921F557C000D61DA6 /* ExerciseCell.swift */ = {isa = PBXFileReference; fileEncoding = 4; lastKnownFileType = sourcecode.swift; path = ExerciseCell.swift; sourceTree = "<group>"; };
		67D2D9F521F55B3D00D61DA6 /* NavButtonForViewController.swift */ = {isa = PBXFileReference; lastKnownFileType = sourcecode.swift; path = NavButtonForViewController.swift; sourceTree = "<group>"; };
		67D2DA1F21F6B20900D61DA6 /* LoginController.swift */ = {isa = PBXFileReference; lastKnownFileType = sourcecode.swift; path = LoginController.swift; sourceTree = "<group>"; };
		67F96AED21F3BA50000E48ED /* kinesysV2.app */ = {isa = PBXFileReference; explicitFileType = wrapper.application; includeInIndex = 0; path = kinesysV2.app; sourceTree = BUILT_PRODUCTS_DIR; };
		67F96AF021F3BA50000E48ED /* AppDelegate.swift */ = {isa = PBXFileReference; lastKnownFileType = sourcecode.swift; path = AppDelegate.swift; sourceTree = "<group>"; };
		67F96AF221F3BA50000E48ED /* HomeController.swift */ = {isa = PBXFileReference; lastKnownFileType = sourcecode.swift; path = HomeController.swift; sourceTree = "<group>"; };
		67F96AF521F3BA50000E48ED /* Base */ = {isa = PBXFileReference; lastKnownFileType = file.storyboard; name = Base; path = Base.lproj/Main.storyboard; sourceTree = "<group>"; };
		67F96AF721F3BA52000E48ED /* Assets.xcassets */ = {isa = PBXFileReference; lastKnownFileType = folder.assetcatalog; path = Assets.xcassets; sourceTree = "<group>"; };
		67F96AFA21F3BA52000E48ED /* Base */ = {isa = PBXFileReference; lastKnownFileType = file.storyboard; name = Base; path = Base.lproj/LaunchScreen.storyboard; sourceTree = "<group>"; };
		67F96AFC21F3BA52000E48ED /* Info.plist */ = {isa = PBXFileReference; lastKnownFileType = text.plist.xml; path = Info.plist; sourceTree = "<group>"; };
		67F96B0321F3D5A0000E48ED /* MenuController.swift */ = {isa = PBXFileReference; lastKnownFileType = sourcecode.swift; path = MenuController.swift; sourceTree = "<group>"; };
		67F96B0621F3EFE1000E48ED /* BaseSlidingController.swift */ = {isa = PBXFileReference; lastKnownFileType = sourcecode.swift; path = BaseSlidingController.swift; sourceTree = "<group>"; };
		67F96B0D21F41549000E48ED /* ProfileImageView.swift */ = {isa = PBXFileReference; lastKnownFileType = sourcecode.swift; path = ProfileImageView.swift; sourceTree = "<group>"; };
		67F96B0F21F4273C000E48ED /* MenuItemCell.swift */ = {isa = PBXFileReference; lastKnownFileType = sourcecode.swift; path = MenuItemCell.swift; sourceTree = "<group>"; };
		67F96B1721F4BE53000E48ED /* CalendarController.swift */ = {isa = PBXFileReference; lastKnownFileType = sourcecode.swift; path = CalendarController.swift; sourceTree = "<group>"; };
		67F96B1921F4BE6F000E48ED /* SettingController.swift */ = {isa = PBXFileReference; lastKnownFileType = sourcecode.swift; path = SettingController.swift; sourceTree = "<group>"; };
		67F96B1B21F4BE81000E48ED /* HelpController.swift */ = {isa = PBXFileReference; lastKnownFileType = sourcecode.swift; path = HelpController.swift; sourceTree = "<group>"; };
		67F96B1D21F54252000E48ED /* Extensions+UIView.swift */ = {isa = PBXFileReference; fileEncoding = 4; lastKnownFileType = sourcecode.swift; path = "Extensions+UIView.swift"; sourceTree = "<group>"; };
/* End PBXFileReference section */

/* Begin PBXFrameworksBuildPhase section */
		67F96AEA21F3BA50000E48ED /* Frameworks */ = {
			isa = PBXFrameworksBuildPhase;
			buildActionMask = 2147483647;
			files = (
			);
			runOnlyForDeploymentPostprocessing = 0;
		};
/* End PBXFrameworksBuildPhase section */

/* Begin PBXGroup section */
		67D2D9DA21F5574200D61DA6 /* SlideOutMenu */ = {
			isa = PBXGroup;
			children = (
				67F96B0821F406EF000E48ED /* Views */,
			);
			path = SlideOutMenu;
			sourceTree = "<group>";
		};
		67D2D9DB21F557C000D61DA6 /* WorkoutScreen */ = {
			isa = PBXGroup;
			children = (
				67D2D9DC21F557C000D61DA6 /* Controller */,
				67D2D9DE21F557C000D61DA6 /* Model */,
				67D2D9E021F557C000D61DA6 /* View */,
			);
			path = WorkoutScreen;
			sourceTree = "<group>";
		};
		67D2D9DC21F557C000D61DA6 /* Controller */ = {
			isa = PBXGroup;
			children = (
			);
			path = Controller;
			sourceTree = "<group>";
		};
		67D2D9DE21F557C000D61DA6 /* Model */ = {
			isa = PBXGroup;
			children = (
				67D2D9DF21F557C000D61DA6 /* Video.swift */,
			);
			path = Model;
			sourceTree = "<group>";
		};
		67D2D9E021F557C000D61DA6 /* View */ = {
			isa = PBXGroup;
			children = (
				67D2D9E121F557C000D61DA6 /* MenuBar.swift */,
				67D2D9E421F557C000D61DA6 /* VideoLauncher.swift */,
				67D2D9E921F557C000D61DA6 /* ExerciseCell.swift */,
				67D2D9E521F557C000D61DA6 /* BaseCell.swift */,
				67D2D9E621F557C000D61DA6 /* MenuCell.swift */,
				67D2D9E221F557C000D61DA6 /* WarmupCell.swift */,
				67D2D9E321F557C000D61DA6 /* StrengthCell.swift */,
				67D2D9E821F557C000D61DA6 /* CardioCell.swift */,
				67D2D9E721F557C000D61DA6 /* PostCell.swift */,
			);
			path = View;
			sourceTree = "<group>";
		};
		67F96AE421F3BA50000E48ED = {
			isa = PBXGroup;
			children = (
				67F96AEF21F3BA50000E48ED /* kinesysV2 */,
				67F96AEE21F3BA50000E48ED /* Products */,
			);
			sourceTree = "<group>";
		};
		67F96AEE21F3BA50000E48ED /* Products */ = {
			isa = PBXGroup;
			children = (
				67F96AED21F3BA50000E48ED /* kinesysV2.app */,
			);
			name = Products;
			sourceTree = "<group>";
		};
		67F96AEF21F3BA50000E48ED /* kinesysV2 */ = {
			isa = PBXGroup;
			children = (
				67D2D9DB21F557C000D61DA6 /* WorkoutScreen */,
				67D2D9DA21F5574200D61DA6 /* SlideOutMenu */,
				67F96B0221F3D578000E48ED /* Controllers */,
				67F96B1F21F54274000E48ED /* Helpers */,
				67F96AF721F3BA52000E48ED /* Assets.xcassets */,
				67F96AF021F3BA50000E48ED /* AppDelegate.swift */,
				67F96AF421F3BA50000E48ED /* Main.storyboard */,
				67F96AF921F3BA52000E48ED /* LaunchScreen.storyboard */,
				67F96AFC21F3BA52000E48ED /* Info.plist */,
			);
			path = kinesysV2;
			sourceTree = "<group>";
		};
		67F96B0221F3D578000E48ED /* Controllers */ = {
			isa = PBXGroup;
			children = (
				67F96B0521F3EFB9000E48ED /* BaseGroup */,
				67F96B0321F3D5A0000E48ED /* MenuController.swift */,
				67F96AF221F3BA50000E48ED /* HomeController.swift */,
				67D2D9DD21F557C000D61DA6 /* WorkoutController.swift */,
				67F96B1721F4BE53000E48ED /* CalendarController.swift */,
				67F96B1921F4BE6F000E48ED /* SettingController.swift */,
				67F96B1B21F4BE81000E48ED /* HelpController.swift */,
				67D2DA1F21F6B20900D61DA6 /* LoginController.swift */,
			);
			path = Controllers;
			sourceTree = "<group>";
		};
		67F96B0521F3EFB9000E48ED /* BaseGroup */ = {
			isa = PBXGroup;
			children = (
				67D2D9F521F55B3D00D61DA6 /* NavButtonForViewController.swift */,
				67F96B0621F3EFE1000E48ED /* BaseSlidingController.swift */,
			);
			path = BaseGroup;
			sourceTree = "<group>";
		};
		67F96B0821F406EF000E48ED /* Views */ = {
			isa = PBXGroup;
			children = (
				67D2D9D721F551C200D61DA6 /* CustomMenuHeaderView.swift */,
				67D2D9D621F551C200D61DA6 /* SpacerView.swift */,
				67F96B0D21F41549000E48ED /* ProfileImageView.swift */,
				67F96B0F21F4273C000E48ED /* MenuItemCell.swift */,
			);
			path = Views;
			sourceTree = "<group>";
		};
		67F96B1F21F54274000E48ED /* Helpers */ = {
			isa = PBXGroup;
			children = (
				67F96B1D21F54252000E48ED /* Extensions+UIView.swift */,
			);
			path = Helpers;
			sourceTree = "<group>";
		};
/* End PBXGroup section */

/* Begin PBXNativeTarget section */
		67F96AEC21F3BA50000E48ED /* kinesysV2 */ = {
			isa = PBXNativeTarget;
			buildConfigurationList = 67F96AFF21F3BA52000E48ED /* Build configuration list for PBXNativeTarget "kinesysV2" */;
			buildPhases = (
				67F96AE921F3BA50000E48ED /* Sources */,
				67F96AEA21F3BA50000E48ED /* Frameworks */,
				67F96AEB21F3BA50000E48ED /* Resources */,
			);
			buildRules = (
			);
			dependencies = (
			);
			name = kinesysV2;
			productName = kinesysV2;
			productReference = 67F96AED21F3BA50000E48ED /* kinesysV2.app */;
			productType = "com.apple.product-type.application";
		};
/* End PBXNativeTarget section */

/* Begin PBXProject section */
		67F96AE521F3BA50000E48ED /* Project object */ = {
			isa = PBXProject;
			attributes = {
				LastSwiftUpdateCheck = 1010;
				LastUpgradeCheck = 1010;
				ORGANIZATIONNAME = "Chris Davis";
				TargetAttributes = {
					67F96AEC21F3BA50000E48ED = {
						CreatedOnToolsVersion = 10.1;
					};
				};
			};
			buildConfigurationList = 67F96AE821F3BA50000E48ED /* Build configuration list for PBXProject "kinesysV2" */;
			compatibilityVersion = "Xcode 9.3";
			developmentRegion = en;
			hasScannedForEncodings = 0;
			knownRegions = (
				en,
				Base,
			);
			mainGroup = 67F96AE421F3BA50000E48ED;
			productRefGroup = 67F96AEE21F3BA50000E48ED /* Products */;
			projectDirPath = "";
			projectRoot = "";
			targets = (
				67F96AEC21F3BA50000E48ED /* kinesysV2 */,
			);
		};
/* End PBXProject section */

/* Begin PBXResourcesBuildPhase section */
		67F96AEB21F3BA50000E48ED /* Resources */ = {
			isa = PBXResourcesBuildPhase;
			buildActionMask = 2147483647;
			files = (
				67F96AFB21F3BA52000E48ED /* LaunchScreen.storyboard in Resources */,
				67F96AF821F3BA52000E48ED /* Assets.xcassets in Resources */,
				67F96AF621F3BA50000E48ED /* Main.storyboard in Resources */,
			);
			runOnlyForDeploymentPostprocessing = 0;
		};
/* End PBXResourcesBuildPhase section */

/* Begin PBXSourcesBuildPhase section */
		67F96AE921F3BA50000E48ED /* Sources */ = {
			isa = PBXSourcesBuildPhase;
			buildActionMask = 2147483647;
			files = (
				67D2D9F321F557C000D61DA6 /* CardioCell.swift in Sources */,
				67F96AF321F3BA50000E48ED /* HomeController.swift in Sources */,
				67D2D9EC21F557C000D61DA6 /* MenuBar.swift in Sources */,
				67D2D9D921F551C200D61DA6 /* CustomMenuHeaderView.swift in Sources */,
				67D2D9F421F557C000D61DA6 /* ExerciseCell.swift in Sources */,
				67F96B0E21F41549000E48ED /* ProfileImageView.swift in Sources */,
				67D2D9EB21F557C000D61DA6 /* Video.swift in Sources */,
				67D2D9EF21F557C000D61DA6 /* VideoLauncher.swift in Sources */,
				67D2D9EE21F557C000D61DA6 /* StrengthCell.swift in Sources */,
				67D2D9F021F557C000D61DA6 /* BaseCell.swift in Sources */,
				67F96B0421F3D5A0000E48ED /* MenuController.swift in Sources */,
				67F96B1C21F4BE82000E48ED /* HelpController.swift in Sources */,
				67F96B1E21F54252000E48ED /* Extensions+UIView.swift in Sources */,
				67F96AF121F3BA50000E48ED /* AppDelegate.swift in Sources */,
				67F96B1821F4BE53000E48ED /* CalendarController.swift in Sources */,
				67D2D9F121F557C000D61DA6 /* MenuCell.swift in Sources */,
				67D2D9F621F55B3D00D61DA6 /* NavButtonForViewController.swift in Sources */,
				67D2D9D821F551C200D61DA6 /* SpacerView.swift in Sources */,
				67F96B1A21F4BE6F000E48ED /* SettingController.swift in Sources */,
				67D2DA2021F6B20900D61DA6 /* LoginController.swift in Sources */,
				67D2D9EA21F557C000D61DA6 /* WorkoutController.swift in Sources */,
				67F96B1021F4273C000E48ED /* MenuItemCell.swift in Sources */,
				67D2D9F221F557C000D61DA6 /* PostCell.swift in Sources */,
				67F96B0721F3EFE1000E48ED /* BaseSlidingController.swift in Sources */,
				67D2D9ED21F557C000D61DA6 /* WarmupCell.swift in Sources */,
			);
			runOnlyForDeploymentPostprocessing = 0;
		};
/* End PBXSourcesBuildPhase section */

/* Begin PBXVariantGroup section */
		67F96AF421F3BA50000E48ED /* Main.storyboard */ = {
			isa = PBXVariantGroup;
			children = (
				67F96AF521F3BA50000E48ED /* Base */,
			);
			name = Main.storyboard;
			sourceTree = "<group>";
		};
		67F96AF921F3BA52000E48ED /* LaunchScreen.storyboard */ = {
			isa = PBXVariantGroup;
			children = (
				67F96AFA21F3BA52000E48ED /* Base */,
			);
			name = LaunchScreen.storyboard;
			sourceTree = "<group>";
		};
/* End PBXVariantGroup section */

/* Begin XCBuildConfiguration section */
		67F96AFD21F3BA52000E48ED /* Debug */ = {
			isa = XCBuildConfiguration;
			buildSettings = {
				ALWAYS_SEARCH_USER_PATHS = NO;
				CLANG_ANALYZER_NONNULL = YES;
				CLANG_ANALYZER_NUMBER_OBJECT_CONVERSION = YES_AGGRESSIVE;
				CLANG_CXX_LANGUAGE_STANDARD = "gnu++14";
				CLANG_CXX_LIBRARY = "libc++";
				CLANG_ENABLE_MODULES = YES;
				CLANG_ENABLE_OBJC_ARC = YES;
				CLANG_ENABLE_OBJC_WEAK = YES;
				CLANG_WARN_BLOCK_CAPTURE_AUTORELEASING = YES;
				CLANG_WARN_BOOL_CONVERSION = YES;
				CLANG_WARN_COMMA = YES;
				CLANG_WARN_CONSTANT_CONVERSION = YES;
				CLANG_WARN_DEPRECATED_OBJC_IMPLEMENTATIONS = YES;
				CLANG_WARN_DIRECT_OBJC_ISA_USAGE = YES_ERROR;
				CLANG_WARN_DOCUMENTATION_COMMENTS = YES;
				CLANG_WARN_EMPTY_BODY = YES;
				CLANG_WARN_ENUM_CONVERSION = YES;
				CLANG_WARN_INFINITE_RECURSION = YES;
				CLANG_WARN_INT_CONVERSION = YES;
				CLANG_WARN_NON_LITERAL_NULL_CONVERSION = YES;
				CLANG_WARN_OBJC_IMPLICIT_RETAIN_SELF = YES;
				CLANG_WARN_OBJC_LITERAL_CONVERSION = YES;
				CLANG_WARN_OBJC_ROOT_CLASS = YES_ERROR;
				CLANG_WARN_RANGE_LOOP_ANALYSIS = YES;
				CLANG_WARN_STRICT_PROTOTYPES = YES;
				CLANG_WARN_SUSPICIOUS_MOVE = YES;
				CLANG_WARN_UNGUARDED_AVAILABILITY = YES_AGGRESSIVE;
				CLANG_WARN_UNREACHABLE_CODE = YES;
				CLANG_WARN__DUPLICATE_METHOD_MATCH = YES;
				CODE_SIGN_IDENTITY = "iPhone Developer";
				COPY_PHASE_STRIP = NO;
				DEBUG_INFORMATION_FORMAT = dwarf;
				ENABLE_STRICT_OBJC_MSGSEND = YES;
				ENABLE_TESTABILITY = YES;
				GCC_C_LANGUAGE_STANDARD = gnu11;
				GCC_DYNAMIC_NO_PIC = NO;
				GCC_NO_COMMON_BLOCKS = YES;
				GCC_OPTIMIZATION_LEVEL = 0;
				GCC_PREPROCESSOR_DEFINITIONS = (
					"DEBUG=1",
					"$(inherited)",
				);
				GCC_WARN_64_TO_32_BIT_CONVERSION = YES;
				GCC_WARN_ABOUT_RETURN_TYPE = YES_ERROR;
				GCC_WARN_UNDECLARED_SELECTOR = YES;
				GCC_WARN_UNINITIALIZED_AUTOS = YES_AGGRESSIVE;
				GCC_WARN_UNUSED_FUNCTION = YES;
				GCC_WARN_UNUSED_VARIABLE = YES;
				IPHONEOS_DEPLOYMENT_TARGET = 12.1;
				MTL_ENABLE_DEBUG_INFO = INCLUDE_SOURCE;
				MTL_FAST_MATH = YES;
				ONLY_ACTIVE_ARCH = YES;
				SDKROOT = iphoneos;
				SWIFT_ACTIVE_COMPILATION_CONDITIONS = DEBUG;
				SWIFT_OPTIMIZATION_LEVEL = "-Onone";
			};
			name = Debug;
		};
		67F96AFE21F3BA52000E48ED /* Release */ = {
			isa = XCBuildConfiguration;
			buildSettings = {
				ALWAYS_SEARCH_USER_PATHS = NO;
				CLANG_ANALYZER_NONNULL = YES;
				CLANG_ANALYZER_NUMBER_OBJECT_CONVERSION = YES_AGGRESSIVE;
				CLANG_CXX_LANGUAGE_STANDARD = "gnu++14";
				CLANG_CXX_LIBRARY = "libc++";
				CLANG_ENABLE_MODULES = YES;
				CLANG_ENABLE_OBJC_ARC = YES;
				CLANG_ENABLE_OBJC_WEAK = YES;
				CLANG_WARN_BLOCK_CAPTURE_AUTORELEASING = YES;
				CLANG_WARN_BOOL_CONVERSION = YES;
				CLANG_WARN_COMMA = YES;
				CLANG_WARN_CONSTANT_CONVERSION = YES;
				CLANG_WARN_DEPRECATED_OBJC_IMPLEMENTATIONS = YES;
				CLANG_WARN_DIRECT_OBJC_ISA_USAGE = YES_ERROR;
				CLANG_WARN_DOCUMENTATION_COMMENTS = YES;
				CLANG_WARN_EMPTY_BODY = YES;
				CLANG_WARN_ENUM_CONVERSION = YES;
				CLANG_WARN_INFINITE_RECURSION = YES;
				CLANG_WARN_INT_CONVERSION = YES;
				CLANG_WARN_NON_LITERAL_NULL_CONVERSION = YES;
				CLANG_WARN_OBJC_IMPLICIT_RETAIN_SELF = YES;
				CLANG_WARN_OBJC_LITERAL_CONVERSION = YES;
				CLANG_WARN_OBJC_ROOT_CLASS = YES_ERROR;
				CLANG_WARN_RANGE_LOOP_ANALYSIS = YES;
				CLANG_WARN_STRICT_PROTOTYPES = YES;
				CLANG_WARN_SUSPICIOUS_MOVE = YES;
				CLANG_WARN_UNGUARDED_AVAILABILITY = YES_AGGRESSIVE;
				CLANG_WARN_UNREACHABLE_CODE = YES;
				CLANG_WARN__DUPLICATE_METHOD_MATCH = YES;
				CODE_SIGN_IDENTITY = "iPhone Developer";
				COPY_PHASE_STRIP = NO;
				DEBUG_INFORMATION_FORMAT = "dwarf-with-dsym";
				ENABLE_NS_ASSERTIONS = NO;
				ENABLE_STRICT_OBJC_MSGSEND = YES;
				GCC_C_LANGUAGE_STANDARD = gnu11;
				GCC_NO_COMMON_BLOCKS = YES;
				GCC_WARN_64_TO_32_BIT_CONVERSION = YES;
				GCC_WARN_ABOUT_RETURN_TYPE = YES_ERROR;
				GCC_WARN_UNDECLARED_SELECTOR = YES;
				GCC_WARN_UNINITIALIZED_AUTOS = YES_AGGRESSIVE;
				GCC_WARN_UNUSED_FUNCTION = YES;
				GCC_WARN_UNUSED_VARIABLE = YES;
				IPHONEOS_DEPLOYMENT_TARGET = 12.1;
				MTL_ENABLE_DEBUG_INFO = NO;
				MTL_FAST_MATH = YES;
				SDKROOT = iphoneos;
				SWIFT_COMPILATION_MODE = wholemodule;
				SWIFT_OPTIMIZATION_LEVEL = "-O";
				VALIDATE_PRODUCT = YES;
			};
			name = Release;
		};
		67F96B0021F3BA52000E48ED /* Debug */ = {
			isa = XCBuildConfiguration;
			buildSettings = {
				ASSETCATALOG_COMPILER_APPICON_NAME = AppIcon;
				CODE_SIGN_STYLE = Automatic;
				DEVELOPMENT_TEAM = 3B3977JV5L;
				INFOPLIST_FILE = kinesysV2/Info.plist;
				LD_RUNPATH_SEARCH_PATHS = (
					"$(inherited)",
					"@executable_path/Frameworks",
				);
				PRODUCT_BUNDLE_IDENTIFIER = fitness.datadriven.kinesysV2;
				PRODUCT_NAME = "$(TARGET_NAME)";
				SWIFT_VERSION = 4.2;
				TARGETED_DEVICE_FAMILY = "1,2";
			};
			name = Debug;
		};
		67F96B0121F3BA52000E48ED /* Release */ = {
			isa = XCBuildConfiguration;
			buildSettings = {
				ASSETCATALOG_COMPILER_APPICON_NAME = AppIcon;
				CODE_SIGN_STYLE = Automatic;
				DEVELOPMENT_TEAM = 3B3977JV5L;
				INFOPLIST_FILE = kinesysV2/Info.plist;
				LD_RUNPATH_SEARCH_PATHS = (
					"$(inherited)",
					"@executable_path/Frameworks",
				);
				PRODUCT_BUNDLE_IDENTIFIER = fitness.datadriven.kinesysV2;
				PRODUCT_NAME = "$(TARGET_NAME)";
				SWIFT_VERSION = 4.2;
				TARGETED_DEVICE_FAMILY = "1,2";
			};
			name = Release;
		};
/* End XCBuildConfiguration section */

/* Begin XCConfigurationList section */
		67F96AE821F3BA50000E48ED /* Build configuration list for PBXProject "kinesysV2" */ = {
			isa = XCConfigurationList;
			buildConfigurations = (
				67F96AFD21F3BA52000E48ED /* Debug */,
				67F96AFE21F3BA52000E48ED /* Release */,
			);
			defaultConfigurationIsVisible = 0;
			defaultConfigurationName = Release;
		};
		67F96AFF21F3BA52000E48ED /* Build configuration list for PBXNativeTarget "kinesysV2" */ = {
			isa = XCConfigurationList;
			buildConfigurations = (
				67F96B0021F3BA52000E48ED /* Debug */,
				67F96B0121F3BA52000E48ED /* Release */,
			);
			defaultConfigurationIsVisible = 0;
			defaultConfigurationName = Release;
		};
/* End XCConfigurationList section */
	};
	rootObject = 67F96AE521F3BA50000E48ED /* Project object */;
}
